// !$*UTF8*$!
{
	archiveVersion = 1;
	classes = {
	};
	objectVersion = 55;
	objects = {

/* Begin PBXBuildFile section */
		B8B3B69E2888FAE10070C88D /* BlogApp.swift in Sources */ = {isa = PBXBuildFile; fileRef = B8B3B69D2888FAE10070C88D /* BlogApp.swift */; };
		B8B3B6A02888FAE10070C88D /* ContentView.swift in Sources */ = {isa = PBXBuildFile; fileRef = B8B3B69F2888FAE10070C88D /* ContentView.swift */; };
		B8B3B6A22888FAE20070C88D /* Assets.xcassets in Resources */ = {isa = PBXBuildFile; fileRef = B8B3B6A12888FAE20070C88D /* Assets.xcassets */; };
		B8B3B6A52888FAE20070C88D /* Preview Assets.xcassets in Resources */ = {isa = PBXBuildFile; fileRef = B8B3B6A42888FAE20070C88D /* Preview Assets.xcassets */; };
		B8B3B6AC2888FB6C0070C88D /* GoogleService-Info.plist in Resources */ = {isa = PBXBuildFile; fileRef = B8B3B6AB2888FB6C0070C88D /* GoogleService-Info.plist */; };
		B8B3B6B72888FC3E0070C88D /* Home.swift in Sources */ = {isa = PBXBuildFile; fileRef = B8B3B6B62888FC3E0070C88D /* Home.swift */; };
		B8B3B6B92888FD0F0070C88D /* BlogViewModel.swift in Sources */ = {isa = PBXBuildFile; fileRef = B8B3B6B82888FD0F0070C88D /* BlogViewModel.swift */; };
		B8B3B6BB2888FD2A0070C88D /* Post.swift in Sources */ = {isa = PBXBuildFile; fileRef = B8B3B6BA2888FD2A0070C88D /* Post.swift */; };
		B8B3B6C028893AC90070C88D /* FirebaseFirestore in Frameworks */ = {isa = PBXBuildFile; productRef = B8B3B6BF28893AC90070C88D /* FirebaseFirestore */; };
		B8B3B6C228893AC90070C88D /* FirebaseFirestoreSwift in Frameworks */ = {isa = PBXBuildFile; productRef = B8B3B6C128893AC90070C88D /* FirebaseFirestoreSwift */; };
/* End PBXBuildFile section */

/* Begin PBXFileReference section */
		B8B3B69A2888FAE10070C88D /* Blog.app */ = {isa = PBXFileReference; explicitFileType = wrapper.application; includeInIndex = 0; path = Blog.app; sourceTree = BUILT_PRODUCTS_DIR; };
		B8B3B69D2888FAE10070C88D /* BlogApp.swift */ = {isa = PBXFileReference; lastKnownFileType = sourcecode.swift; path = BlogApp.swift; sourceTree = "<group>"; };
		B8B3B69F2888FAE10070C88D /* ContentView.swift */ = {isa = PBXFileReference; lastKnownFileType = sourcecode.swift; path = ContentView.swift; sourceTree = "<group>"; };
		B8B3B6A12888FAE20070C88D /* Assets.xcassets */ = {isa = PBXFileReference; lastKnownFileType = folder.assetcatalog; path = Assets.xcassets; sourceTree = "<group>"; };
		B8B3B6A42888FAE20070C88D /* Preview Assets.xcassets */ = {isa = PBXFileReference; lastKnownFileType = folder.assetcatalog; path = "Preview Assets.xcassets"; sourceTree = "<group>"; };
		B8B3B6AB2888FB6C0070C88D /* GoogleService-Info.plist */ = {isa = PBXFileReference; fileEncoding = 4; lastKnownFileType = text.plist.xml; name = "GoogleService-Info.plist"; path = "../../../../Downloads/GoogleService-Info.plist"; sourceTree = "<group>"; };
		B8B3B6B62888FC3E0070C88D /* Home.swift */ = {isa = PBXFileReference; lastKnownFileType = sourcecode.swift; path = Home.swift; sourceTree = "<group>"; };
		B8B3B6B82888FD0F0070C88D /* BlogViewModel.swift */ = {isa = PBXFileReference; lastKnownFileType = sourcecode.swift; path = BlogViewModel.swift; sourceTree = "<group>"; };
		B8B3B6BA2888FD2A0070C88D /* Post.swift */ = {isa = PBXFileReference; lastKnownFileType = sourcecode.swift; path = Post.swift; sourceTree = "<group>"; };
/* End PBXFileReference section */

/* Begin PBXFrameworksBuildPhase section */
		B8B3B6972888FAE10070C88D /* Frameworks */ = {
			isa = PBXFrameworksBuildPhase;
			buildActionMask = 2147483647;
			files = (
				B8B3B6C028893AC90070C88D /* FirebaseFirestore in Frameworks */,
				B8B3B6C228893AC90070C88D /* FirebaseFirestoreSwift in Frameworks */,
			);
			runOnlyForDeploymentPostprocessing = 0;
		};
/* End PBXFrameworksBuildPhase section */

/* Begin PBXGroup section */
		B8B3B6912888FAE10070C88D = {
			isa = PBXGroup;
			children = (
				B8B3B69C2888FAE10070C88D /* Blog */,
				B8B3B69B2888FAE10070C88D /* Products */,
				B8B3B6AD2888FBD60070C88D /* Frameworks */,
			);
			sourceTree = "<group>";
		};
		B8B3B69B2888FAE10070C88D /* Products */ = {
			isa = PBXGroup;
			children = (
				B8B3B69A2888FAE10070C88D /* Blog.app */,
			);
			name = Products;
			sourceTree = "<group>";
		};
		B8B3B69C2888FAE10070C88D /* Blog */ = {
			isa = PBXGroup;
			children = (
				B8B3B6B52888FC340070C88D /* Model */,
				B8B3B6B42888FC300070C88D /* ViewModel */,
				B8B3B6B32888FC2A0070C88D /* View */,
				B8B3B69D2888FAE10070C88D /* BlogApp.swift */,
				B8B3B69F2888FAE10070C88D /* ContentView.swift */,
				B8B3B6A12888FAE20070C88D /* Assets.xcassets */,
				B8B3B6AB2888FB6C0070C88D /* GoogleService-Info.plist */,
				B8B3B6A32888FAE20070C88D /* Preview Content */,
			);
			path = Blog;
			sourceTree = "<group>";
		};
		B8B3B6A32888FAE20070C88D /* Preview Content */ = {
			isa = PBXGroup;
			children = (
				B8B3B6A42888FAE20070C88D /* Preview Assets.xcassets */,
			);
			path = "Preview Content";
			sourceTree = "<group>";
		};
		B8B3B6AD2888FBD60070C88D /* Frameworks */ = {
			isa = PBXGroup;
			children = (
			);
			name = Frameworks;
			sourceTree = "<group>";
		};
		B8B3B6B32888FC2A0070C88D /* View */ = {
			isa = PBXGroup;
			children = (
				B8B3B6B62888FC3E0070C88D /* Home.swift */,
			);
			path = View;
			sourceTree = "<group>";
		};
		B8B3B6B42888FC300070C88D /* ViewModel */ = {
			isa = PBXGroup;
			children = (
				B8B3B6B82888FD0F0070C88D /* BlogViewModel.swift */,
			);
			path = ViewModel;
			sourceTree = "<group>";
		};
		B8B3B6B52888FC340070C88D /* Model */ = {
			isa = PBXGroup;
			children = (
				B8B3B6BA2888FD2A0070C88D /* Post.swift */,
			);
			path = Model;
			sourceTree = "<group>";
		};
/* End PBXGroup section */

/* Begin PBXNativeTarget section */
		B8B3B6992888FAE10070C88D /* Blog */ = {
			isa = PBXNativeTarget;
			buildConfigurationList = B8B3B6A82888FAE20070C88D /* Build configuration list for PBXNativeTarget "Blog" */;
			buildPhases = (
				B8B3B6962888FAE10070C88D /* Sources */,
				B8B3B6972888FAE10070C88D /* Frameworks */,
				B8B3B6982888FAE10070C88D /* Resources */,
			);
			buildRules = (
			);
			dependencies = (
			);
			name = Blog;
			packageProductDependencies = (
				B8B3B6BF28893AC90070C88D /* FirebaseFirestore */,
				B8B3B6C128893AC90070C88D /* FirebaseFirestoreSwift */,
			);
			productName = BlogApp;
			productReference = B8B3B69A2888FAE10070C88D /* Blog.app */;
			productType = "com.apple.product-type.application";
		};
/* End PBXNativeTarget section */

/* Begin PBXProject section */
		B8B3B6922888FAE10070C88D /* Project object */ = {
			isa = PBXProject;
			attributes = {
				BuildIndependentTargetsInParallel = 1;
				LastSwiftUpdateCheck = 1340;
				LastUpgradeCheck = 1340;
				TargetAttributes = {
					B8B3B6992888FAE10070C88D = {
						CreatedOnToolsVersion = 13.4.1;
					};
				};
			};
			buildConfigurationList = B8B3B6952888FAE10070C88D /* Build configuration list for PBXProject "Blog" */;
			compatibilityVersion = "Xcode 13.0";
			developmentRegion = en;
			hasScannedForEncodings = 0;
			knownRegions = (
				en,
				Base,
			);
			mainGroup = B8B3B6912888FAE10070C88D;
			packageReferences = (
				B8B3B6AE2888FC1C0070C88D /* XCRemoteSwiftPackageReference "firebase-ios-sdk" */,
				B8B3B6BE28893AC90070C88D /* XCRemoteSwiftPackageReference "firebase-ios-sdk" */,
			);
			productRefGroup = B8B3B69B2888FAE10070C88D /* Products */;
			projectDirPath = "";
			projectRoot = "";
			targets = (
				B8B3B6992888FAE10070C88D /* Blog */,
			);
		};
/* End PBXProject section */

/* Begin PBXResourcesBuildPhase section */
		B8B3B6982888FAE10070C88D /* Resources */ = {
			isa = PBXResourcesBuildPhase;
			buildActionMask = 2147483647;
			files = (
				B8B3B6A52888FAE20070C88D /* Preview Assets.xcassets in Resources */,
				B8B3B6AC2888FB6C0070C88D /* GoogleService-Info.plist in Resources */,
				B8B3B6A22888FAE20070C88D /* Assets.xcassets in Resources */,
			);
			runOnlyForDeploymentPostprocessing = 0;
		};
/* End PBXResourcesBuildPhase section */

/* Begin PBXSourcesBuildPhase section */
		B8B3B6962888FAE10070C88D /* Sources */ = {
			isa = PBXSourcesBuildPhase;
			buildActionMask = 2147483647;
			files = (
				B8B3B6A02888FAE10070C88D /* ContentView.swift in Sources */,
				B8B3B6B72888FC3E0070C88D /* Home.swift in Sources */,
				B8B3B6B92888FD0F0070C88D /* BlogViewModel.swift in Sources */,
				B8B3B69E2888FAE10070C88D /* BlogApp.swift in Sources */,
				B8B3B6BB2888FD2A0070C88D /* Post.swift in Sources */,
			);
			runOnlyForDeploymentPostprocessing = 0;
		};
/* End PBXSourcesBuildPhase section */

/* Begin XCBuildConfiguration section */
		B8B3B6A62888FAE20070C88D /* Debug */ = {
			isa = XCBuildConfiguration;
			buildSettings = {
				ALWAYS_SEARCH_USER_PATHS = NO;
				CLANG_ANALYZER_NONNULL = YES;
				CLANG_ANALYZER_NUMBER_OBJECT_CONVERSION = YES_AGGRESSIVE;
				CLANG_CXX_LANGUAGE_STANDARD = "gnu++17";
				CLANG_ENABLE_MODULES = YES;
				CLANG_ENABLE_OBJC_ARC = YES;
				CLANG_ENABLE_OBJC_WEAK = YES;
				CLANG_WARN_BLOCK_CAPTURE_AUTORELEASING = YES;
				CLANG_WARN_BOOL_CONVERSION = YES;
				CLANG_WARN_COMMA = YES;
				CLANG_WARN_CONSTANT_CONVERSION = YES;
				CLANG_WARN_DEPRECATED_OBJC_IMPLEMENTATIONS = YES;
				CLANG_WARN_DIRECT_OBJC_ISA_USAGE = YES_ERROR;
				CLANG_WARN_DOCUMENTATION_COMMENTS = YES;
				CLANG_WARN_EMPTY_BODY = YES;
				CLANG_WARN_ENUM_CONVERSION = YES;
				CLANG_WARN_INFINITE_RECURSION = YES;
				CLANG_WARN_INT_CONVERSION = YES;
				CLANG_WARN_NON_LITERAL_NULL_CONVERSION = YES;
				CLANG_WARN_OBJC_IMPLICIT_RETAIN_SELF = YES;
				CLANG_WARN_OBJC_LITERAL_CONVERSION = YES;
				CLANG_WARN_OBJC_ROOT_CLASS = YES_ERROR;
				CLANG_WARN_QUOTED_INCLUDE_IN_FRAMEWORK_HEADER = YES;
				CLANG_WARN_RANGE_LOOP_ANALYSIS = YES;
				CLANG_WARN_STRICT_PROTOTYPES = YES;
				CLANG_WARN_SUSPICIOUS_MOVE = YES;
				CLANG_WARN_UNGUARDED_AVAILABILITY = YES_AGGRESSIVE;
				CLANG_WARN_UNREACHABLE_CODE = YES;
				CLANG_WARN__DUPLICATE_METHOD_MATCH = YES;
				COPY_PHASE_STRIP = NO;
				DEBUG_INFORMATION_FORMAT = dwarf;
				ENABLE_STRICT_OBJC_MSGSEND = YES;
				ENABLE_TESTABILITY = YES;
				GCC_C_LANGUAGE_STANDARD = gnu11;
				GCC_DYNAMIC_NO_PIC = NO;
				GCC_NO_COMMON_BLOCKS = YES;
				GCC_OPTIMIZATION_LEVEL = 0;
				GCC_PREPROCESSOR_DEFINITIONS = (
					"DEBUG=1",
					"$(inherited)",
				);
				GCC_WARN_64_TO_32_BIT_CONVERSION = YES;
				GCC_WARN_ABOUT_RETURN_TYPE = YES_ERROR;
				GCC_WARN_UNDECLARED_SELECTOR = YES;
				GCC_WARN_UNINITIALIZED_AUTOS = YES_AGGRESSIVE;
				GCC_WARN_UNUSED_FUNCTION = YES;
				GCC_WARN_UNUSED_VARIABLE = YES;
				IPHONEOS_DEPLOYMENT_TARGET = 15.5;
				MTL_ENABLE_DEBUG_INFO = INCLUDE_SOURCE;
				MTL_FAST_MATH = YES;
				ONLY_ACTIVE_ARCH = YES;
				SDKROOT = iphoneos;
				SWIFT_ACTIVE_COMPILATION_CONDITIONS = DEBUG;
				SWIFT_OPTIMIZATION_LEVEL = "-Onone";
			};
			name = Debug;
		};
		B8B3B6A72888FAE20070C88D /* Release */ = {
			isa = XCBuildConfiguration;
			buildSettings = {
				ALWAYS_SEARCH_USER_PATHS = NO;
				CLANG_ANALYZER_NONNULL = YES;
				CLANG_ANALYZER_NUMBER_OBJECT_CONVERSION = YES_AGGRESSIVE;
				CLANG_CXX_LANGUAGE_STANDARD = "gnu++17";
				CLANG_ENABLE_MODULES = YES;
				CLANG_ENABLE_OBJC_ARC = YES;
				CLANG_ENABLE_OBJC_WEAK = YES;
				CLANG_WARN_BLOCK_CAPTURE_AUTORELEASING = YES;
				CLANG_WARN_BOOL_CONVERSION = YES;
				CLANG_WARN_COMMA = YES;
				CLANG_WARN_CONSTANT_CONVERSION = YES;
				CLANG_WARN_DEPRECATED_OBJC_IMPLEMENTATIONS = YES;
				CLANG_WARN_DIRECT_OBJC_ISA_USAGE = YES_ERROR;
				CLANG_WARN_DOCUMENTATION_COMMENTS = YES;
				CLANG_WARN_EMPTY_BODY = YES;
				CLANG_WARN_ENUM_CONVERSION = YES;
				CLANG_WARN_INFINITE_RECURSION = YES;
				CLANG_WARN_INT_CONVERSION = YES;
				CLANG_WARN_NON_LITERAL_NULL_CONVERSION = YES;
				CLANG_WARN_OBJC_IMPLICIT_RETAIN_SELF = YES;
				CLANG_WARN_OBJC_LITERAL_CONVERSION = YES;
				CLANG_WARN_OBJC_ROOT_CLASS = YES_ERROR;
				CLANG_WARN_QUOTED_INCLUDE_IN_FRAMEWORK_HEADER = YES;
				CLANG_WARN_RANGE_LOOP_ANALYSIS = YES;
				CLANG_WARN_STRICT_PROTOTYPES = YES;
				CLANG_WARN_SUSPICIOUS_MOVE = YES;
				CLANG_WARN_UNGUARDED_AVAILABILITY = YES_AGGRESSIVE;
				CLANG_WARN_UNREACHABLE_CODE = YES;
				CLANG_WARN__DUPLICATE_METHOD_MATCH = YES;
				COPY_PHASE_STRIP = NO;
				DEBUG_INFORMATION_FORMAT = "dwarf-with-dsym";
				ENABLE_NS_ASSERTIONS = NO;
				ENABLE_STRICT_OBJC_MSGSEND = YES;
				GCC_C_LANGUAGE_STANDARD = gnu11;
				GCC_NO_COMMON_BLOCKS = YES;
				GCC_WARN_64_TO_32_BIT_CONVERSION = YES;
				GCC_WARN_ABOUT_RETURN_TYPE = YES_ERROR;
				GCC_WARN_UNDECLARED_SELECTOR = YES;
				GCC_WARN_UNINITIALIZED_AUTOS = YES_AGGRESSIVE;
				GCC_WARN_UNUSED_FUNCTION = YES;
				GCC_WARN_UNUSED_VARIABLE = YES;
				IPHONEOS_DEPLOYMENT_TARGET = 15.5;
				MTL_ENABLE_DEBUG_INFO = NO;
				MTL_FAST_MATH = YES;
				SDKROOT = iphoneos;
				SWIFT_COMPILATION_MODE = wholemodule;
				SWIFT_OPTIMIZATION_LEVEL = "-O";
				VALIDATE_PRODUCT = YES;
			};
			name = Release;
		};
		B8B3B6A92888FAE20070C88D /* Debug */ = {
			isa = XCBuildConfiguration;
			buildSettings = {
				ASSETCATALOG_COMPILER_APPICON_NAME = AppIcon;
				ASSETCATALOG_COMPILER_GLOBAL_ACCENT_COLOR_NAME = AccentColor;
				CODE_SIGN_STYLE = Automatic;
				CURRENT_PROJECT_VERSION = 1;
				DEVELOPMENT_ASSET_PATHS = "\"BlogApp/Preview Content\"";
				DEVELOPMENT_TEAM = V3MNWMQX37;
				ENABLE_PREVIEWS = YES;
				GENERATE_INFOPLIST_FILE = YES;
				INFOPLIST_KEY_UIApplicationSceneManifest_Generation = YES;
				INFOPLIST_KEY_UIApplicationSupportsIndirectInputEvents = YES;
				INFOPLIST_KEY_UILaunchScreen_Generation = YES;
				INFOPLIST_KEY_UISupportedInterfaceOrientations_iPad = "UIInterfaceOrientationPortrait UIInterfaceOrientationPortraitUpsideDown UIInterfaceOrientationLandscapeLeft UIInterfaceOrientationLandscapeRight";
				INFOPLIST_KEY_UISupportedInterfaceOrientations_iPhone = "UIInterfaceOrientationPortrait UIInterfaceOrientationLandscapeLeft UIInterfaceOrientationLandscapeRight";
				LD_RUNPATH_SEARCH_PATHS = (
					"$(inherited)",
					"@executable_path/Frameworks",
				);
				MARKETING_VERSION = 1.0;
				PRODUCT_BUNDLE_IDENTIFIER = com.application.BlogApp;
				PRODUCT_NAME = Blog;
				SWIFT_EMIT_LOC_STRINGS = YES;
				SWIFT_VERSION = 5.0;
				TARGETED_DEVICE_FAMILY = "1,2";
			};
			name = Debug;
		};
		B8B3B6AA2888FAE20070C88D /* Release */ = {
			isa = XCBuildConfiguration;
			buildSettings = {
				ASSETCATALOG_COMPILER_APPICON_NAME = AppIcon;
				ASSETCATALOG_COMPILER_GLOBAL_ACCENT_COLOR_NAME = AccentColor;
				CODE_SIGN_STYLE = Automatic;
				CURRENT_PROJECT_VERSION = 1;
				DEVELOPMENT_ASSET_PATHS = "\"BlogApp/Preview Content\"";
				DEVELOPMENT_TEAM = V3MNWMQX37;
				ENABLE_PREVIEWS = YES;
				GENERATE_INFOPLIST_FILE = YES;
				INFOPLIST_KEY_UIApplicationSceneManifest_Generation = YES;
				INFOPLIST_KEY_UIApplicationSupportsIndirectInputEvents = YES;
				INFOPLIST_KEY_UILaunchScreen_Generation = YES;
				INFOPLIST_KEY_UISupportedInterfaceOrientations_iPad = "UIInterfaceOrientationPortrait UIInterfaceOrientationPortraitUpsideDown UIInterfaceOrientationLandscapeLeft UIInterfaceOrientationLandscapeRight";
				INFOPLIST_KEY_UISupportedInterfaceOrientations_iPhone = "UIInterfaceOrientationPortrait UIInterfaceOrientationLandscapeLeft UIInterfaceOrientationLandscapeRight";
				LD_RUNPATH_SEARCH_PATHS = (
					"$(inherited)",
					"@executable_path/Frameworks",
				);
				MARKETING_VERSION = 1.0;
				PRODUCT_BUNDLE_IDENTIFIER = com.application.BlogApp;
				PRODUCT_NAME = Blog;
				SWIFT_EMIT_LOC_STRINGS = YES;
				SWIFT_VERSION = 5.0;
				TARGETED_DEVICE_FAMILY = "1,2";
			};
			name = Release;
		};
/* End XCBuildConfiguration section */

/* Begin XCConfigurationList section */
		B8B3B6952888FAE10070C88D /* Build configuration list for PBXProject "Blog" */ = {
			isa = XCConfigurationList;
			buildConfigurations = (
				B8B3B6A62888FAE20070C88D /* Debug */,
				B8B3B6A72888FAE20070C88D /* Release */,
			);
			defaultConfigurationIsVisible = 0;
			defaultConfigurationName = Release;
		};
		B8B3B6A82888FAE20070C88D /* Build configuration list for PBXNativeTarget "Blog" */ = {
			isa = XCConfigurationList;
			buildConfigurations = (
				B8B3B6A92888FAE20070C88D /* Debug */,
				B8B3B6AA2888FAE20070C88D /* Release */,
			);
			defaultConfigurationIsVisible = 0;
			defaultConfigurationName = Release;
		};
/* End XCConfigurationList section */

/* Begin XCRemoteSwiftPackageReference section */
		B8B3B6AE2888FC1C0070C88D /* XCRemoteSwiftPackageReference "firebase-ios-sdk" */ = {
			isa = XCRemoteSwiftPackageReference;
			repositoryURL = "https://github.com/firebase/firebase-ios-sdk";
			requirement = {
				branch = master;
				kind = branch;
			};
		};
		B8B3B6BE28893AC90070C88D /* XCRemoteSwiftPackageReference "firebase-ios-sdk" */ = {
			isa = XCRemoteSwiftPackageReference;
			repositoryURL = "https://github.com/firebase/firebase-ios-sdk";
			requirement = {
				kind = upToNextMajorVersion;
				minimumVersion = 9.0.0;
			};
		};
/* End XCRemoteSwiftPackageReference section */

/* Begin XCSwiftPackageProductDependency section */
		B8B3B6BF28893AC90070C88D /* FirebaseFirestore */ = {
			isa = XCSwiftPackageProductDependency;
			package = B8B3B6BE28893AC90070C88D /* XCRemoteSwiftPackageReference "firebase-ios-sdk" */;
			productName = FirebaseFirestore;
		};
		B8B3B6C128893AC90070C88D /* FirebaseFirestoreSwift */ = {
			isa = XCSwiftPackageProductDependency;
			package = B8B3B6BE28893AC90070C88D /* XCRemoteSwiftPackageReference "firebase-ios-sdk" */;
			productName = FirebaseFirestoreSwift;
		};
/* End XCSwiftPackageProductDependency section */
	};
	rootObject = B8B3B6922888FAE10070C88D /* Project object */;
}
