// !$*UTF8*$!
{
	archiveVersion = 1;
	classes = {
	};
	objectVersion = 55;
	objects = {

/* Begin PBXBuildFile section */
		B8394035287001350046DA81 /* WeatherDataView.swift in Sources */ = {isa = PBXBuildFile; fileRef = B8394034287001350046DA81 /* WeatherDataView.swift */; };
		B8394037287003630046DA81 /* Forecast.swift in Sources */ = {isa = PBXBuildFile; fileRef = B8394036287003630046DA81 /* Forecast.swift */; };
		B85872E2286DD922009BA972 /* WeatherAppScrollingApp.swift in Sources */ = {isa = PBXBuildFile; fileRef = B85872E1286DD922009BA972 /* WeatherAppScrollingApp.swift */; };
		B85872E4286DD922009BA972 /* ContentView.swift in Sources */ = {isa = PBXBuildFile; fileRef = B85872E3286DD922009BA972 /* ContentView.swift */; };
		B85872E6286DD923009BA972 /* Assets.xcassets in Resources */ = {isa = PBXBuildFile; fileRef = B85872E5286DD923009BA972 /* Assets.xcassets */; };
		B85872E9286DD923009BA972 /* Preview Assets.xcassets in Resources */ = {isa = PBXBuildFile; fileRef = B85872E8286DD923009BA972 /* Preview Assets.xcassets */; };
		B85872F2286DD994009BA972 /* Home.swift in Sources */ = {isa = PBXBuildFile; fileRef = B85872F1286DD994009BA972 /* Home.swift */; };
		B85872F4286DDDDD009BA972 /* CustomStackView.swift in Sources */ = {isa = PBXBuildFile; fileRef = B85872F3286DDDDD009BA972 /* CustomStackView.swift */; };
		B85872F6286DDE9D009BA972 /* CustomCorner.swift in Sources */ = {isa = PBXBuildFile; fileRef = B85872F5286DDE9D009BA972 /* CustomCorner.swift */; };
/* End PBXBuildFile section */

/* Begin PBXFileReference section */
		B8394034287001350046DA81 /* WeatherDataView.swift */ = {isa = PBXFileReference; lastKnownFileType = sourcecode.swift; path = WeatherDataView.swift; sourceTree = "<group>"; };
		B8394036287003630046DA81 /* Forecast.swift */ = {isa = PBXFileReference; lastKnownFileType = sourcecode.swift; path = Forecast.swift; sourceTree = "<group>"; };
		B85872DE286DD922009BA972 /* WeatherAppScrolling.app */ = {isa = PBXFileReference; explicitFileType = wrapper.application; includeInIndex = 0; path = WeatherAppScrolling.app; sourceTree = BUILT_PRODUCTS_DIR; };
		B85872E1286DD922009BA972 /* WeatherAppScrollingApp.swift */ = {isa = PBXFileReference; lastKnownFileType = sourcecode.swift; path = WeatherAppScrollingApp.swift; sourceTree = "<group>"; };
		B85872E3286DD922009BA972 /* ContentView.swift */ = {isa = PBXFileReference; lastKnownFileType = sourcecode.swift; path = ContentView.swift; sourceTree = "<group>"; };
		B85872E5286DD923009BA972 /* Assets.xcassets */ = {isa = PBXFileReference; lastKnownFileType = folder.assetcatalog; path = Assets.xcassets; sourceTree = "<group>"; };
		B85872E8286DD923009BA972 /* Preview Assets.xcassets */ = {isa = PBXFileReference; lastKnownFileType = folder.assetcatalog; path = "Preview Assets.xcassets"; sourceTree = "<group>"; };
		B85872F1286DD994009BA972 /* Home.swift */ = {isa = PBXFileReference; lastKnownFileType = sourcecode.swift; path = Home.swift; sourceTree = "<group>"; };
		B85872F3286DDDDD009BA972 /* CustomStackView.swift */ = {isa = PBXFileReference; lastKnownFileType = sourcecode.swift; path = CustomStackView.swift; sourceTree = "<group>"; };
		B85872F5286DDE9D009BA972 /* CustomCorner.swift */ = {isa = PBXFileReference; lastKnownFileType = sourcecode.swift; path = CustomCorner.swift; sourceTree = "<group>"; };
/* End PBXFileReference section */

/* Begin PBXFrameworksBuildPhase section */
		B85872DB286DD922009BA972 /* Frameworks */ = {
			isa = PBXFrameworksBuildPhase;
			buildActionMask = 2147483647;
			files = (
			);
			runOnlyForDeploymentPostprocessing = 0;
		};
/* End PBXFrameworksBuildPhase section */

/* Begin PBXGroup section */
		B85872D5286DD922009BA972 = {
			isa = PBXGroup;
			children = (
				B85872E0286DD922009BA972 /* WeatherAppScrolling */,
				B85872DF286DD922009BA972 /* Products */,
			);
			sourceTree = "<group>";
		};
		B85872DF286DD922009BA972 /* Products */ = {
			isa = PBXGroup;
			children = (
				B85872DE286DD922009BA972 /* WeatherAppScrolling.app */,
			);
			name = Products;
			sourceTree = "<group>";
		};
		B85872E0286DD922009BA972 /* WeatherAppScrolling */ = {
			isa = PBXGroup;
			children = (
				B85872EF286DD97E009BA972 /* View */,
				B85872F0286DD986009BA972 /* Model */,
				B85872E1286DD922009BA972 /* WeatherAppScrollingApp.swift */,
				B85872E3286DD922009BA972 /* ContentView.swift */,
				B85872E5286DD923009BA972 /* Assets.xcassets */,
				B85872E7286DD923009BA972 /* Preview Content */,
			);
			path = WeatherAppScrolling;
			sourceTree = "<group>";
		};
		B85872E7286DD923009BA972 /* Preview Content */ = {
			isa = PBXGroup;
			children = (
				B85872E8286DD923009BA972 /* Preview Assets.xcassets */,
			);
			path = "Preview Content";
			sourceTree = "<group>";
		};
		B85872EF286DD97E009BA972 /* View */ = {
			isa = PBXGroup;
			children = (
				B85872F1286DD994009BA972 /* Home.swift */,
				B85872F3286DDDDD009BA972 /* CustomStackView.swift */,
				B85872F5286DDE9D009BA972 /* CustomCorner.swift */,
				B8394034287001350046DA81 /* WeatherDataView.swift */,
			);
			path = View;
			sourceTree = "<group>";
		};
		B85872F0286DD986009BA972 /* Model */ = {
			isa = PBXGroup;
			children = (
				B8394036287003630046DA81 /* Forecast.swift */,
			);
			path = Model;
			sourceTree = "<group>";
		};
/* End PBXGroup section */

/* Begin PBXNativeTarget section */
		B85872DD286DD922009BA972 /* WeatherAppScrolling */ = {
			isa = PBXNativeTarget;
			buildConfigurationList = B85872EC286DD923009BA972 /* Build configuration list for PBXNativeTarget "WeatherAppScrolling" */;
			buildPhases = (
				B85872DA286DD922009BA972 /* Sources */,
				B85872DB286DD922009BA972 /* Frameworks */,
				B85872DC286DD922009BA972 /* Resources */,
			);
			buildRules = (
			);
			dependencies = (
			);
			name = WeatherAppScrolling;
			productName = WeatherAppScrolling;
			productReference = B85872DE286DD922009BA972 /* WeatherAppScrolling.app */;
			productType = "com.apple.product-type.application";
		};
/* End PBXNativeTarget section */

/* Begin PBXProject section */
		B85872D6286DD922009BA972 /* Project object */ = {
			isa = PBXProject;
			attributes = {
				BuildIndependentTargetsInParallel = 1;
				LastSwiftUpdateCheck = 1340;
				LastUpgradeCheck = 1340;
				TargetAttributes = {
					B85872DD286DD922009BA972 = {
						CreatedOnToolsVersion = 13.4.1;
					};
				};
			};
			buildConfigurationList = B85872D9286DD922009BA972 /* Build configuration list for PBXProject "WeatherAppScrolling" */;
			compatibilityVersion = "Xcode 13.0";
			developmentRegion = en;
			hasScannedForEncodings = 0;
			knownRegions = (
				en,
				Base,
			);
			mainGroup = B85872D5286DD922009BA972;
			productRefGroup = B85872DF286DD922009BA972 /* Products */;
			projectDirPath = "";
			projectRoot = "";
			targets = (
				B85872DD286DD922009BA972 /* WeatherAppScrolling */,
			);
		};
/* End PBXProject section */

/* Begin PBXResourcesBuildPhase section */
		B85872DC286DD922009BA972 /* Resources */ = {
			isa = PBXResourcesBuildPhase;
			buildActionMask = 2147483647;
			files = (
				B85872E9286DD923009BA972 /* Preview Assets.xcassets in Resources */,
				B85872E6286DD923009BA972 /* Assets.xcassets in Resources */,
			);
			runOnlyForDeploymentPostprocessing = 0;
		};
/* End PBXResourcesBuildPhase section */

/* Begin PBXSourcesBuildPhase section */
		B85872DA286DD922009BA972 /* Sources */ = {
			isa = PBXSourcesBuildPhase;
			buildActionMask = 2147483647;
			files = (
				B85872F4286DDDDD009BA972 /* CustomStackView.swift in Sources */,
				B8394035287001350046DA81 /* WeatherDataView.swift in Sources */,
				B8394037287003630046DA81 /* Forecast.swift in Sources */,
				B85872F6286DDE9D009BA972 /* CustomCorner.swift in Sources */,
				B85872E4286DD922009BA972 /* ContentView.swift in Sources */,
				B85872F2286DD994009BA972 /* Home.swift in Sources */,
				B85872E2286DD922009BA972 /* WeatherAppScrollingApp.swift in Sources */,
			);
			runOnlyForDeploymentPostprocessing = 0;
		};
/* End PBXSourcesBuildPhase section */

/* Begin XCBuildConfiguration section */
		B85872EA286DD923009BA972 /* Debug */ = {
			isa = XCBuildConfiguration;
			buildSettings = {
				ALWAYS_SEARCH_USER_PATHS = NO;
				CLANG_ANALYZER_NONNULL = YES;
				CLANG_ANALYZER_NUMBER_OBJECT_CONVERSION = YES_AGGRESSIVE;
				CLANG_CXX_LANGUAGE_STANDARD = "gnu++17";
				CLANG_ENABLE_MODULES = YES;
				CLANG_ENABLE_OBJC_ARC = YES;
				CLANG_ENABLE_OBJC_WEAK = YES;
				CLANG_WARN_BLOCK_CAPTURE_AUTORELEASING = YES;
				CLANG_WARN_BOOL_CONVERSION = YES;
				CLANG_WARN_COMMA = YES;
				CLANG_WARN_CONSTANT_CONVERSION = YES;
				CLANG_WARN_DEPRECATED_OBJC_IMPLEMENTATIONS = YES;
				CLANG_WARN_DIRECT_OBJC_ISA_USAGE = YES_ERROR;
				CLANG_WARN_DOCUMENTATION_COMMENTS = YES;
				CLANG_WARN_EMPTY_BODY = YES;
				CLANG_WARN_ENUM_CONVERSION = YES;
				CLANG_WARN_INFINITE_RECURSION = YES;
				CLANG_WARN_INT_CONVERSION = YES;
				CLANG_WARN_NON_LITERAL_NULL_CONVERSION = YES;
				CLANG_WARN_OBJC_IMPLICIT_RETAIN_SELF = YES;
				CLANG_WARN_OBJC_LITERAL_CONVERSION = YES;
				CLANG_WARN_OBJC_ROOT_CLASS = YES_ERROR;
				CLANG_WARN_QUOTED_INCLUDE_IN_FRAMEWORK_HEADER = YES;
				CLANG_WARN_RANGE_LOOP_ANALYSIS = YES;
				CLANG_WARN_STRICT_PROTOTYPES = YES;
				CLANG_WARN_SUSPICIOUS_MOVE = YES;
				CLANG_WARN_UNGUARDED_AVAILABILITY = YES_AGGRESSIVE;
				CLANG_WARN_UNREACHABLE_CODE = YES;
				CLANG_WARN__DUPLICATE_METHOD_MATCH = YES;
				COPY_PHASE_STRIP = NO;
				DEBUG_INFORMATION_FORMAT = dwarf;
				ENABLE_STRICT_OBJC_MSGSEND = YES;
				ENABLE_TESTABILITY = YES;
				GCC_C_LANGUAGE_STANDARD = gnu11;
				GCC_DYNAMIC_NO_PIC = NO;
				GCC_NO_COMMON_BLOCKS = YES;
				GCC_OPTIMIZATION_LEVEL = 0;
				GCC_PREPROCESSOR_DEFINITIONS = (
					"DEBUG=1",
					"$(inherited)",
				);
				GCC_WARN_64_TO_32_BIT_CONVERSION = YES;
				GCC_WARN_ABOUT_RETURN_TYPE = YES_ERROR;
				GCC_WARN_UNDECLARED_SELECTOR = YES;
				GCC_WARN_UNINITIALIZED_AUTOS = YES_AGGRESSIVE;
				GCC_WARN_UNUSED_FUNCTION = YES;
				GCC_WARN_UNUSED_VARIABLE = YES;
				IPHONEOS_DEPLOYMENT_TARGET = 15.5;
				MTL_ENABLE_DEBUG_INFO = INCLUDE_SOURCE;
				MTL_FAST_MATH = YES;
				ONLY_ACTIVE_ARCH = YES;
				SDKROOT = iphoneos;
				SWIFT_ACTIVE_COMPILATION_CONDITIONS = DEBUG;
				SWIFT_OPTIMIZATION_LEVEL = "-Onone";
			};
			name = Debug;
		};
		B85872EB286DD923009BA972 /* Release */ = {
			isa = XCBuildConfiguration;
			buildSettings = {
				ALWAYS_SEARCH_USER_PATHS = NO;
				CLANG_ANALYZER_NONNULL = YES;
				CLANG_ANALYZER_NUMBER_OBJECT_CONVERSION = YES_AGGRESSIVE;
				CLANG_CXX_LANGUAGE_STANDARD = "gnu++17";
				CLANG_ENABLE_MODULES = YES;
				CLANG_ENABLE_OBJC_ARC = YES;
				CLANG_ENABLE_OBJC_WEAK = YES;
				CLANG_WARN_BLOCK_CAPTURE_AUTORELEASING = YES;
				CLANG_WARN_BOOL_CONVERSION = YES;
				CLANG_WARN_COMMA = YES;
				CLANG_WARN_CONSTANT_CONVERSION = YES;
				CLANG_WARN_DEPRECATED_OBJC_IMPLEMENTATIONS = YES;
				CLANG_WARN_DIRECT_OBJC_ISA_USAGE = YES_ERROR;
				CLANG_WARN_DOCUMENTATION_COMMENTS = YES;
				CLANG_WARN_EMPTY_BODY = YES;
				CLANG_WARN_ENUM_CONVERSION = YES;
				CLANG_WARN_INFINITE_RECURSION = YES;
				CLANG_WARN_INT_CONVERSION = YES;
				CLANG_WARN_NON_LITERAL_NULL_CONVERSION = YES;
				CLANG_WARN_OBJC_IMPLICIT_RETAIN_SELF = YES;
				CLANG_WARN_OBJC_LITERAL_CONVERSION = YES;
				CLANG_WARN_OBJC_ROOT_CLASS = YES_ERROR;
				CLANG_WARN_QUOTED_INCLUDE_IN_FRAMEWORK_HEADER = YES;
				CLANG_WARN_RANGE_LOOP_ANALYSIS = YES;
				CLANG_WARN_STRICT_PROTOTYPES = YES;
				CLANG_WARN_SUSPICIOUS_MOVE = YES;
				CLANG_WARN_UNGUARDED_AVAILABILITY = YES_AGGRESSIVE;
				CLANG_WARN_UNREACHABLE_CODE = YES;
				CLANG_WARN__DUPLICATE_METHOD_MATCH = YES;
				COPY_PHASE_STRIP = NO;
				DEBUG_INFORMATION_FORMAT = "dwarf-with-dsym";
				ENABLE_NS_ASSERTIONS = NO;
				ENABLE_STRICT_OBJC_MSGSEND = YES;
				GCC_C_LANGUAGE_STANDARD = gnu11;
				GCC_NO_COMMON_BLOCKS = YES;
				GCC_WARN_64_TO_32_BIT_CONVERSION = YES;
				GCC_WARN_ABOUT_RETURN_TYPE = YES_ERROR;
				GCC_WARN_UNDECLARED_SELECTOR = YES;
				GCC_WARN_UNINITIALIZED_AUTOS = YES_AGGRESSIVE;
				GCC_WARN_UNUSED_FUNCTION = YES;
				GCC_WARN_UNUSED_VARIABLE = YES;
				IPHONEOS_DEPLOYMENT_TARGET = 15.5;
				MTL_ENABLE_DEBUG_INFO = NO;
				MTL_FAST_MATH = YES;
				SDKROOT = iphoneos;
				SWIFT_COMPILATION_MODE = wholemodule;
				SWIFT_OPTIMIZATION_LEVEL = "-O";
				VALIDATE_PRODUCT = YES;
			};
			name = Release;
		};
		B85872ED286DD923009BA972 /* Debug */ = {
			isa = XCBuildConfiguration;
			buildSettings = {
				ASSETCATALOG_COMPILER_APPICON_NAME = AppIcon;
				ASSETCATALOG_COMPILER_GLOBAL_ACCENT_COLOR_NAME = AccentColor;
				CODE_SIGN_STYLE = Automatic;
				CURRENT_PROJECT_VERSION = 1;
				DEVELOPMENT_ASSET_PATHS = "\"WeatherAppScrolling/Preview Content\"";
				DEVELOPMENT_TEAM = V3MNWMQX37;
				ENABLE_PREVIEWS = YES;
				GENERATE_INFOPLIST_FILE = YES;
				INFOPLIST_KEY_UIApplicationSceneManifest_Generation = YES;
				INFOPLIST_KEY_UIApplicationSupportsIndirectInputEvents = YES;
				INFOPLIST_KEY_UILaunchScreen_Generation = YES;
				INFOPLIST_KEY_UISupportedInterfaceOrientations_iPad = "UIInterfaceOrientationPortrait UIInterfaceOrientationPortraitUpsideDown UIInterfaceOrientationLandscapeLeft UIInterfaceOrientationLandscapeRight";
				INFOPLIST_KEY_UISupportedInterfaceOrientations_iPhone = "UIInterfaceOrientationPortrait UIInterfaceOrientationLandscapeLeft UIInterfaceOrientationLandscapeRight";
				LD_RUNPATH_SEARCH_PATHS = (
					"$(inherited)",
					"@executable_path/Frameworks",
				);
				MARKETING_VERSION = 1.0;
				PRODUCT_BUNDLE_IDENTIFIER = com.application.WeatherAppScrolling;
				PRODUCT_NAME = "$(TARGET_NAME)";
				SWIFT_EMIT_LOC_STRINGS = YES;
				SWIFT_VERSION = 5.0;
				TARGETED_DEVICE_FAMILY = "1,2";
			};
			name = Debug;
		};
		B85872EE286DD923009BA972 /* Release */ = {
			isa = XCBuildConfiguration;
			buildSettings = {
				ASSETCATALOG_COMPILER_APPICON_NAME = AppIcon;
				ASSETCATALOG_COMPILER_GLOBAL_ACCENT_COLOR_NAME = AccentColor;
				CODE_SIGN_STYLE = Automatic;
				CURRENT_PROJECT_VERSION = 1;
				DEVELOPMENT_ASSET_PATHS = "\"WeatherAppScrolling/Preview Content\"";
				DEVELOPMENT_TEAM = V3MNWMQX37;
				ENABLE_PREVIEWS = YES;
				GENERATE_INFOPLIST_FILE = YES;
				INFOPLIST_KEY_UIApplicationSceneManifest_Generation = YES;
				INFOPLIST_KEY_UIApplicationSupportsIndirectInputEvents = YES;
				INFOPLIST_KEY_UILaunchScreen_Generation = YES;
				INFOPLIST_KEY_UISupportedInterfaceOrientations_iPad = "UIInterfaceOrientationPortrait UIInterfaceOrientationPortraitUpsideDown UIInterfaceOrientationLandscapeLeft UIInterfaceOrientationLandscapeRight";
				INFOPLIST_KEY_UISupportedInterfaceOrientations_iPhone = "UIInterfaceOrientationPortrait UIInterfaceOrientationLandscapeLeft UIInterfaceOrientationLandscapeRight";
				LD_RUNPATH_SEARCH_PATHS = (
					"$(inherited)",
					"@executable_path/Frameworks",
				);
				MARKETING_VERSION = 1.0;
				PRODUCT_BUNDLE_IDENTIFIER = com.application.WeatherAppScrolling;
				PRODUCT_NAME = "$(TARGET_NAME)";
				SWIFT_EMIT_LOC_STRINGS = YES;
				SWIFT_VERSION = 5.0;
				TARGETED_DEVICE_FAMILY = "1,2";
			};
			name = Release;
		};
/* End XCBuildConfiguration section */

/* Begin XCConfigurationList section */
		B85872D9286DD922009BA972 /* Build configuration list for PBXProject "WeatherAppScrolling" */ = {
			isa = XCConfigurationList;
			buildConfigurations = (
				B85872EA286DD923009BA972 /* Debug */,
				B85872EB286DD923009BA972 /* Release */,
			);
			defaultConfigurationIsVisible = 0;
			defaultConfigurationName = Release;
		};
		B85872EC286DD923009BA972 /* Build configuration list for PBXNativeTarget "WeatherAppScrolling" */ = {
			isa = XCConfigurationList;
			buildConfigurations = (
				B85872ED286DD923009BA972 /* Debug */,
				B85872EE286DD923009BA972 /* Release */,
			);
			defaultConfigurationIsVisible = 0;
			defaultConfigurationName = Release;
		};
/* End XCConfigurationList section */
	};
	rootObject = B85872D6286DD922009BA972 /* Project object */;
}
